// !$*UTF8*$!
{
	archiveVersion = 1;
	classes = {
	};
	objectVersion = 50;
	objects = {

/* Begin PBXBuildFile section */
		3DADC01A26EC58AE00338623 /* AppDelegate.swift in Sources */ = {isa = PBXBuildFile; fileRef = 3DADC01926EC58AE00338623 /* AppDelegate.swift */; };
		3DADC01C26EC58AE00338623 /* SceneDelegate.swift in Sources */ = {isa = PBXBuildFile; fileRef = 3DADC01B26EC58AE00338623 /* SceneDelegate.swift */; };
		3DADC01E26EC58AE00338623 /* ViewController.swift in Sources */ = {isa = PBXBuildFile; fileRef = 3DADC01D26EC58AE00338623 /* ViewController.swift */; };
		3DADC02126EC58AE00338623 /* Main.storyboard in Resources */ = {isa = PBXBuildFile; fileRef = 3DADC01F26EC58AE00338623 /* Main.storyboard */; };
		3DADC02326EC58AF00338623 /* Assets.xcassets in Resources */ = {isa = PBXBuildFile; fileRef = 3DADC02226EC58AF00338623 /* Assets.xcassets */; };
		3DADC02626EC58AF00338623 /* LaunchScreen.storyboard in Resources */ = {isa = PBXBuildFile; fileRef = 3DADC02426EC58AF00338623 /* LaunchScreen.storyboard */; };
		3DADC03026EC681700338623 /* StarViewController.swift in Sources */ = {isa = PBXBuildFile; fileRef = 3DADC02F26EC681700338623 /* StarViewController.swift */; };
		3DADC03226EC75AE00338623 /* ArcTableViewController.swift in Sources */ = {isa = PBXBuildFile; fileRef = 3DADC03126EC75AE00338623 /* ArcTableViewController.swift */; };
/* End PBXBuildFile section */

/* Begin PBXFileReference section */
		3DADC01626EC58AE00338623 /* MapleStory.app */ = {isa = PBXFileReference; explicitFileType = wrapper.application; includeInIndex = 0; path = MapleStory.app; sourceTree = BUILT_PRODUCTS_DIR; };
		3DADC01926EC58AE00338623 /* AppDelegate.swift */ = {isa = PBXFileReference; lastKnownFileType = sourcecode.swift; path = AppDelegate.swift; sourceTree = "<group>"; };
		3DADC01B26EC58AE00338623 /* SceneDelegate.swift */ = {isa = PBXFileReference; lastKnownFileType = sourcecode.swift; path = SceneDelegate.swift; sourceTree = "<group>"; };
		3DADC01D26EC58AE00338623 /* ViewController.swift */ = {isa = PBXFileReference; lastKnownFileType = sourcecode.swift; path = ViewController.swift; sourceTree = "<group>"; };
		3DADC02026EC58AE00338623 /* Base */ = {isa = PBXFileReference; lastKnownFileType = file.storyboard; name = Base; path = Base.lproj/Main.storyboard; sourceTree = "<group>"; };
		3DADC02226EC58AF00338623 /* Assets.xcassets */ = {isa = PBXFileReference; lastKnownFileType = folder.assetcatalog; path = Assets.xcassets; sourceTree = "<group>"; };
		3DADC02526EC58AF00338623 /* Base */ = {isa = PBXFileReference; lastKnownFileType = file.storyboard; name = Base; path = Base.lproj/LaunchScreen.storyboard; sourceTree = "<group>"; };
		3DADC02726EC58AF00338623 /* Info.plist */ = {isa = PBXFileReference; lastKnownFileType = text.plist.xml; path = Info.plist; sourceTree = "<group>"; };
		3DADC02F26EC681700338623 /* StarViewController.swift */ = {isa = PBXFileReference; lastKnownFileType = sourcecode.swift; path = StarViewController.swift; sourceTree = "<group>"; };
		3DADC03126EC75AE00338623 /* ArcTableViewController.swift */ = {isa = PBXFileReference; lastKnownFileType = sourcecode.swift; path = ArcTableViewController.swift; sourceTree = "<group>"; };
/* End PBXFileReference section */

/* Begin PBXFrameworksBuildPhase section */
		3DADC01326EC58AE00338623 /* Frameworks */ = {
			isa = PBXFrameworksBuildPhase;
			buildActionMask = 2147483647;
			files = (
			);
			runOnlyForDeploymentPostprocessing = 0;
		};
/* End PBXFrameworksBuildPhase section */

/* Begin PBXGroup section */
		3DADC00D26EC58AE00338623 = {
			isa = PBXGroup;
			children = (
				3DADC01826EC58AE00338623 /* MapleStory */,
				3DADC01726EC58AE00338623 /* Products */,
			);
			sourceTree = "<group>";
		};
		3DADC01726EC58AE00338623 /* Products */ = {
			isa = PBXGroup;
			children = (
				3DADC01626EC58AE00338623 /* MapleStory.app */,
			);
			name = Products;
			sourceTree = "<group>";
		};
		3DADC01826EC58AE00338623 /* MapleStory */ = {
			isa = PBXGroup;
			children = (
				3DADC01926EC58AE00338623 /* AppDelegate.swift */,
				3DADC01B26EC58AE00338623 /* SceneDelegate.swift */,
				3DADC01D26EC58AE00338623 /* ViewController.swift */,
				3DADC03126EC75AE00338623 /* ArcTableViewController.swift */,
				3DADC02F26EC681700338623 /* StarViewController.swift */,
				3DADC01F26EC58AE00338623 /* Main.storyboard */,
				3DADC02226EC58AF00338623 /* Assets.xcassets */,
				3DADC02426EC58AF00338623 /* LaunchScreen.storyboard */,
				3DADC02726EC58AF00338623 /* Info.plist */,
			);
			path = MapleStory;
			sourceTree = "<group>";
		};
/* End PBXGroup section */

/* Begin PBXNativeTarget section */
		3DADC01526EC58AE00338623 /* MapleStory */ = {
			isa = PBXNativeTarget;
			buildConfigurationList = 3DADC02A26EC58AF00338623 /* Build configuration list for PBXNativeTarget "MapleStory" */;
			buildPhases = (
				3DADC01226EC58AE00338623 /* Sources */,
				3DADC01326EC58AE00338623 /* Frameworks */,
				3DADC01426EC58AE00338623 /* Resources */,
			);
			buildRules = (
			);
			dependencies = (
			);
			name = MapleStory;
			productName = MapleStory;
			productReference = 3DADC01626EC58AE00338623 /* MapleStory.app */;
			productType = "com.apple.product-type.application";
		};
/* End PBXNativeTarget section */

/* Begin PBXProject section */
		3DADC00E26EC58AE00338623 /* Project object */ = {
			isa = PBXProject;
			attributes = {
				LastSwiftUpdateCheck = 1250;
				LastUpgradeCheck = 1250;
				TargetAttributes = {
					3DADC01526EC58AE00338623 = {
						CreatedOnToolsVersion = 12.5.1;
					};
				};
			};
			buildConfigurationList = 3DADC01126EC58AE00338623 /* Build configuration list for PBXProject "MapleStory" */;
			compatibilityVersion = "Xcode 9.3";
			developmentRegion = en;
			hasScannedForEncodings = 0;
			knownRegions = (
				en,
				Base,
			);
			mainGroup = 3DADC00D26EC58AE00338623;
			productRefGroup = 3DADC01726EC58AE00338623 /* Products */;
			projectDirPath = "";
			projectRoot = "";
			targets = (
				3DADC01526EC58AE00338623 /* MapleStory */,
			);
		};
/* End PBXProject section */

/* Begin PBXResourcesBuildPhase section */
		3DADC01426EC58AE00338623 /* Resources */ = {
			isa = PBXResourcesBuildPhase;
			buildActionMask = 2147483647;
			files = (
				3DADC02626EC58AF00338623 /* LaunchScreen.storyboard in Resources */,
				3DADC02326EC58AF00338623 /* Assets.xcassets in Resources */,
				3DADC02126EC58AE00338623 /* Main.storyboard in Resources */,
			);
			runOnlyForDeploymentPostprocessing = 0;
		};
/* End PBXResourcesBuildPhase section */

/* Begin PBXSourcesBuildPhase section */
		3DADC01226EC58AE00338623 /* Sources */ = {
			isa = PBXSourcesBuildPhase;
			buildActionMask = 2147483647;
			files = (
				3DADC03226EC75AE00338623 /* ArcTableViewController.swift in Sources */,
				3DADC01E26EC58AE00338623 /* ViewController.swift in Sources */,
				3DADC01A26EC58AE00338623 /* AppDelegate.swift in Sources */,
				3DADC01C26EC58AE00338623 /* SceneDelegate.swift in Sources */,
				3DADC03026EC681700338623 /* StarViewController.swift in Sources */,
			);
			runOnlyForDeploymentPostprocessing = 0;
		};
/* End PBXSourcesBuildPhase section */

/* Begin PBXVariantGroup section */
		3DADC01F26EC58AE00338623 /* Main.storyboard */ = {
			isa = PBXVariantGroup;
			children = (
				3DADC02026EC58AE00338623 /* Base */,
			);
			name = Main.storyboard;
			sourceTree = "<group>";
		};
		3DADC02426EC58AF00338623 /* LaunchScreen.storyboard */ = {
			isa = PBXVariantGroup;
			children = (
				3DADC02526EC58AF00338623 /* Base */,
			);
			name = LaunchScreen.storyboard;
			sourceTree = "<group>";
		};
/* End PBXVariantGroup section */

/* Begin XCBuildConfiguration section */
		3DADC02826EC58AF00338623 /* Debug */ = {
			isa = XCBuildConfiguration;
			buildSettings = {
				ALWAYS_SEARCH_USER_PATHS = NO;
				CLANG_ANALYZER_NONNULL = YES;
				CLANG_ANALYZER_NUMBER_OBJECT_CONVERSION = YES_AGGRESSIVE;
				CLANG_CXX_LANGUAGE_STANDARD = "gnu++14";
				CLANG_CXX_LIBRARY = "libc++";
				CLANG_ENABLE_MODULES = YES;
				CLANG_ENABLE_OBJC_ARC = YES;
				CLANG_ENABLE_OBJC_WEAK = YES;
				CLANG_WARN_BLOCK_CAPTURE_AUTORELEASING = YES;
				CLANG_WARN_BOOL_CONVERSION = YES;
				CLANG_WARN_COMMA = YES;
				CLANG_WARN_CONSTANT_CONVERSION = YES;
				CLANG_WARN_DEPRECATED_OBJC_IMPLEMENTATIONS = YES;
				CLANG_WARN_DIRECT_OBJC_ISA_USAGE = YES_ERROR;
				CLANG_WARN_DOCUMENTATION_COMMENTS = YES;
				CLANG_WARN_EMPTY_BODY = YES;
				CLANG_WARN_ENUM_CONVERSION = YES;
				CLANG_WARN_INFINITE_RECURSION = YES;
				CLANG_WARN_INT_CONVERSION = YES;
				CLANG_WARN_NON_LITERAL_NULL_CONVERSION = YES;
				CLANG_WARN_OBJC_IMPLICIT_RETAIN_SELF = YES;
				CLANG_WARN_OBJC_LITERAL_CONVERSION = YES;
				CLANG_WARN_OBJC_ROOT_CLASS = YES_ERROR;
				CLANG_WARN_QUOTED_INCLUDE_IN_FRAMEWORK_HEADER = YES;
				CLANG_WARN_RANGE_LOOP_ANALYSIS = YES;
				CLANG_WARN_STRICT_PROTOTYPES = YES;
				CLANG_WARN_SUSPICIOUS_MOVE = YES;
				CLANG_WARN_UNGUARDED_AVAILABILITY = YES_AGGRESSIVE;
				CLANG_WARN_UNREACHABLE_CODE = YES;
				CLANG_WARN__DUPLICATE_METHOD_MATCH = YES;
				COPY_PHASE_STRIP = NO;
				DEBUG_INFORMATION_FORMAT = dwarf;
				ENABLE_STRICT_OBJC_MSGSEND = YES;
				ENABLE_TESTABILITY = YES;
				GCC_C_LANGUAGE_STANDARD = gnu11;
				GCC_DYNAMIC_NO_PIC = NO;
				GCC_NO_COMMON_BLOCKS = YES;
				GCC_OPTIMIZATION_LEVEL = 0;
				GCC_PREPROCESSOR_DEFINITIONS = (
					"DEBUG=1",
					"$(inherited)",
				);
				GCC_WARN_64_TO_32_BIT_CONVERSION = YES;
				GCC_WARN_ABOUT_RETURN_TYPE = YES_ERROR;
				GCC_WARN_UNDECLARED_SELECTOR = YES;
				GCC_WARN_UNINITIALIZED_AUTOS = YES_AGGRESSIVE;
				GCC_WARN_UNUSED_FUNCTION = YES;
				GCC_WARN_UNUSED_VARIABLE = YES;
				IPHONEOS_DEPLOYMENT_TARGET = 14.5;
				MTL_ENABLE_DEBUG_INFO = INCLUDE_SOURCE;
				MTL_FAST_MATH = YES;
				ONLY_ACTIVE_ARCH = YES;
				SDKROOT = iphoneos;
				SWIFT_ACTIVE_COMPILATION_CONDITIONS = DEBUG;
				SWIFT_OPTIMIZATION_LEVEL = "-Onone";
			};
			name = Debug;
		};
		3DADC02926EC58AF00338623 /* Release */ = {
			isa = XCBuildConfiguration;
			buildSettings = {
				ALWAYS_SEARCH_USER_PATHS = NO;
				CLANG_ANALYZER_NONNULL = YES;
				CLANG_ANALYZER_NUMBER_OBJECT_CONVERSION = YES_AGGRESSIVE;
				CLANG_CXX_LANGUAGE_STANDARD = "gnu++14";
				CLANG_CXX_LIBRARY = "libc++";
				CLANG_ENABLE_MODULES = YES;
				CLANG_ENABLE_OBJC_ARC = YES;
				CLANG_ENABLE_OBJC_WEAK = YES;
				CLANG_WARN_BLOCK_CAPTURE_AUTORELEASING = YES;
				CLANG_WARN_BOOL_CONVERSION = YES;
				CLANG_WARN_COMMA = YES;
				CLANG_WARN_CONSTANT_CONVERSION = YES;
				CLANG_WARN_DEPRECATED_OBJC_IMPLEMENTATIONS = YES;
				CLANG_WARN_DIRECT_OBJC_ISA_USAGE = YES_ERROR;
				CLANG_WARN_DOCUMENTATION_COMMENTS = YES;
				CLANG_WARN_EMPTY_BODY = YES;
				CLANG_WARN_ENUM_CONVERSION = YES;
				CLANG_WARN_INFINITE_RECURSION = YES;
				CLANG_WARN_INT_CONVERSION = YES;
				CLANG_WARN_NON_LITERAL_NULL_CONVERSION = YES;
				CLANG_WARN_OBJC_IMPLICIT_RETAIN_SELF = YES;
				CLANG_WARN_OBJC_LITERAL_CONVERSION = YES;
				CLANG_WARN_OBJC_ROOT_CLASS = YES_ERROR;
				CLANG_WARN_QUOTED_INCLUDE_IN_FRAMEWORK_HEADER = YES;
				CLANG_WARN_RANGE_LOOP_ANALYSIS = YES;
				CLANG_WARN_STRICT_PROTOTYPES = YES;
				CLANG_WARN_SUSPICIOUS_MOVE = YES;
				CLANG_WARN_UNGUARDED_AVAILABILITY = YES_AGGRESSIVE;
				CLANG_WARN_UNREACHABLE_CODE = YES;
				CLANG_WARN__DUPLICATE_METHOD_MATCH = YES;
				COPY_PHASE_STRIP = NO;
				DEBUG_INFORMATION_FORMAT = "dwarf-with-dsym";
				ENABLE_NS_ASSERTIONS = NO;
				ENABLE_STRICT_OBJC_MSGSEND = YES;
				GCC_C_LANGUAGE_STANDARD = gnu11;
				GCC_NO_COMMON_BLOCKS = YES;
				GCC_WARN_64_TO_32_BIT_CONVERSION = YES;
				GCC_WARN_ABOUT_RETURN_TYPE = YES_ERROR;
				GCC_WARN_UNDECLARED_SELECTOR = YES;
				GCC_WARN_UNINITIALIZED_AUTOS = YES_AGGRESSIVE;
				GCC_WARN_UNUSED_FUNCTION = YES;
				GCC_WARN_UNUSED_VARIABLE = YES;
				IPHONEOS_DEPLOYMENT_TARGET = 14.5;
				MTL_ENABLE_DEBUG_INFO = NO;
				MTL_FAST_MATH = YES;
				SDKROOT = iphoneos;
				SWIFT_COMPILATION_MODE = wholemodule;
				SWIFT_OPTIMIZATION_LEVEL = "-O";
				VALIDATE_PRODUCT = YES;
			};
			name = Release;
		};
		3DADC02B26EC58AF00338623 /* Debug */ = {
			isa = XCBuildConfiguration;
			buildSettings = {
				ASSETCATALOG_COMPILER_APPICON_NAME = AppIcon;
				ASSETCATALOG_COMPILER_GLOBAL_ACCENT_COLOR_NAME = AccentColor;
				CODE_SIGN_STYLE = Automatic;
				DEVELOPMENT_TEAM = J5592YHG3M;
				INFOPLIST_FILE = MapleStory/Info.plist;
				LD_RUNPATH_SEARCH_PATHS = (
					"$(inherited)",
					"@executable_path/Frameworks",
				);
				PRODUCT_BUNDLE_IDENTIFIER = Fuyun.MapleStory;
				PRODUCT_NAME = "$(TARGET_NAME)";
				SWIFT_VERSION = 5.0;
				TARGETED_DEVICE_FAMILY = "1,2";
			};
			name = Debug;
		};
		3DADC02C26EC58AF00338623 /* Release */ = {
			isa = XCBuildConfiguration;
			buildSettings = {
				ASSETCATALOG_COMPILER_APPICON_NAME = AppIcon;
				ASSETCATALOG_COMPILER_GLOBAL_ACCENT_COLOR_NAME = AccentColor;
				CODE_SIGN_STYLE = Automatic;
				DEVELOPMENT_TEAM = J5592YHG3M;
				INFOPLIST_FILE = MapleStory/Info.plist;
				LD_RUNPATH_SEARCH_PATHS = (
					"$(inherited)",
					"@executable_path/Frameworks",
				);
				PRODUCT_BUNDLE_IDENTIFIER = Fuyun.MapleStory;
				PRODUCT_NAME = "$(TARGET_NAME)";
				SWIFT_VERSION = 5.0;
				TARGETED_DEVICE_FAMILY = "1,2";
			};
			name = Release;
		};
/* End XCBuildConfiguration section */

/* Begin XCConfigurationList section */
		3DADC01126EC58AE00338623 /* Build configuration list for PBXProject "MapleStory" */ = {
			isa = XCConfigurationList;
			buildConfigurations = (
				3DADC02826EC58AF00338623 /* Debug */,
				3DADC02926EC58AF00338623 /* Release */,
			);
			defaultConfigurationIsVisible = 0;
			defaultConfigurationName = Release;
		};
		3DADC02A26EC58AF00338623 /* Build configuration list for PBXNativeTarget "MapleStory" */ = {
			isa = XCConfigurationList;
			buildConfigurations = (
				3DADC02B26EC58AF00338623 /* Debug */,
				3DADC02C26EC58AF00338623 /* Release */,
			);
			defaultConfigurationIsVisible = 0;
			defaultConfigurationName = Release;
		};
/* End XCConfigurationList section */
	};
	rootObject = 3DADC00E26EC58AE00338623 /* Project object */;
}
